
Microsoft Visual Studio Solution File, Format Version 12.00
# Visual Studio Version 17
VisualStudioVersion = 17.5.33627.172
MinimumVisualStudioVersion = 10.0.40219.1
Project("{FAE04EC0-301F-11D3-BF4B-00C04F79EFBC}") = "Lesson05", "Lesson05\Lesson05.csproj", "{BEDC5F66-D272-4723-B338-1E3DABB99EE7}"
EndProject
Global
	GlobalSection(SolutionConfigurationPlatforms) = preSolution
		Debug|Any CPU = Debug|Any CPU
		Release|Any CPU = Release|Any CPU
	EndGlobalSection
	GlobalSection(ProjectConfigurationPlatforms) = postSolution
		{BEDC5F66-D272-4723-B338-1E3DABB99EE7}.Debug|Any CPU.ActiveCfg = Debug|Any CPU
		{BEDC5F66-D272-4723-B338-1E3DABB99EE7}.Debug|Any CPU.Build.0 = Debug|Any CPU
		{BEDC5F66-D272-4723-B338-1E3DABB99EE7}.Release|Any CPU.ActiveCfg = Release|Any CPU
		{BEDC5F66-D272-4723-B338-1E3DABB99EE7}.Release|Any CPU.Build.0 = Release|Any CPU
	EndGlobalSection
	GlobalSection(SolutionProperties) = preSolution
		HideSolutionNode = FALSE
	EndGlobalSection
	GlobalSection(ExtensibilityGlobals) = postSolution
		SolutionGuid = {20A1A3D9-9C90-4716-9647-D364B9794BC6}
	EndGlobalSection
EndGlobal
